
Microsoft Visual Studio Solution File, Format Version 12.00
# Visual Studio Version 17
VisualStudioVersion = 17.1.32210.238
MinimumVisualStudioVersion = 10.0.40219.1
Project("{FAE04EC0-301F-11D3-BF4B-00C04F79EFBC}") = "YaMusicWebView", "YaMusicWebView.csproj", "{77777E23-8320-4C0C-9823-087AE73EB586}"
EndProject
Global
	GlobalSection(SolutionConfigurationPlatforms) = preSolution
		Debug|Any CPU = Debug|Any CPU
		Release|Any CPU = Release|Any CPU
	EndGlobalSection
	GlobalSection(ProjectConfigurationPlatforms) = postSolution
		{77777E23-8320-4C0C-9823-087AE73EB586}.Debug|Any CPU.ActiveCfg = Debug|Any CPU
		{77777E23-8320-4C0C-9823-087AE73EB586}.Debug|Any CPU.Build.0 = Debug|Any CPU
		{77777E23-8320-4C0C-9823-087AE73EB586}.Release|Any CPU.ActiveCfg = Release|Any CPU
		{77777E23-8320-4C0C-9823-087AE73EB586}.Release|Any CPU.Build.0 = Release|Any CPU
	EndGlobalSection
	GlobalSection(SolutionProperties) = preSolution
		HideSolutionNode = FALSE
	EndGlobalSection
	GlobalSection(ExtensibilityGlobals) = postSolution
		SolutionGuid = {461C46EE-D01E-439B-B27C-744E4B5CA664}
	EndGlobalSection
EndGlobal
